
Microsoft Visual Studio Solution File, Format Version 12.00
# Visual Studio Version 17
VisualStudioVersion = 17.13.35919.96
MinimumVisualStudioVersion = 10.0.40219.1
Project("{FAE04EC0-301F-11D3-BF4B-00C04F79EFBC}") = "ISmart.Application", "ISmart.Application\ISmart.Application.csproj", "{5CF6950F-9CAF-C3D8-1D08-A97BEA238950}"
EndProject
Project("{FAE04EC0-301F-11D3-BF4B-00C04F79EFBC}") = "MobileBanking.Contracts", "MobileBanking.Contracts\MobileBanking.Contracts.csproj", "{40238743-A6D0-49BF-BC7A-0722091C5C36}"
EndProject
Project("{FAE04EC0-301F-11D3-BF4B-00C04F79EFBC}") = "MobileBanking", "MobileBanking\MobileBanking.csproj", "{27EDB203-D93B-48D5-B970-4E41790684C1}"
EndProject
Global
	GlobalSection(SolutionConfigurationPlatforms) = preSolution
		Debug|Any CPU = Debug|Any CPU
		Release|Any CPU = Release|Any CPU
	EndGlobalSection
	GlobalSection(ProjectConfigurationPlatforms) = postSolution
		{5CF6950F-9CAF-C3D8-1D08-A97BEA238950}.Debug|Any CPU.ActiveCfg = Debug|Any CPU
		{5CF6950F-9CAF-C3D8-1D08-A97BEA238950}.Debug|Any CPU.Build.0 = Debug|Any CPU
		{5CF6950F-9CAF-C3D8-1D08-A97BEA238950}.Release|Any CPU.ActiveCfg = Release|Any CPU
		{5CF6950F-9CAF-C3D8-1D08-A97BEA238950}.Release|Any CPU.Build.0 = Release|Any CPU
		{40238743-A6D0-49BF-BC7A-0722091C5C36}.Debug|Any CPU.ActiveCfg = Debug|Any CPU
		{40238743-A6D0-49BF-BC7A-0722091C5C36}.Debug|Any CPU.Build.0 = Debug|Any CPU
		{40238743-A6D0-49BF-BC7A-0722091C5C36}.Release|Any CPU.ActiveCfg = Release|Any CPU
		{40238743-A6D0-49BF-BC7A-0722091C5C36}.Release|Any CPU.Build.0 = Release|Any CPU
		{27EDB203-D93B-48D5-B970-4E41790684C1}.Debug|Any CPU.ActiveCfg = Debug|Any CPU
		{27EDB203-D93B-48D5-B970-4E41790684C1}.Debug|Any CPU.Build.0 = Debug|Any CPU
		{27EDB203-D93B-48D5-B970-4E41790684C1}.Release|Any CPU.ActiveCfg = Release|Any CPU
		{27EDB203-D93B-48D5-B970-4E41790684C1}.Release|Any CPU.Build.0 = Release|Any CPU
	EndGlobalSection
	GlobalSection(SolutionProperties) = preSolution
		HideSolutionNode = FALSE
	EndGlobalSection
	GlobalSection(ExtensibilityGlobals) = postSolution
		SolutionGuid = {8A0F2288-197F-4CF6-A1AE-A9D6604E4B4C}
	EndGlobalSection
EndGlobal
